
Microsoft Visual Studio Solution File, Format Version 12.00
# Visual Studio Version 17
VisualStudioVersion = 17.7.34031.279
MinimumVisualStudioVersion = 10.0.40219.1
Project("{FAE04EC0-301F-11D3-BF4B-00C04F79EFBC}") = "MVCDemoNetCore", "MVCDemoNetCore\MVCDemoNetCore.csproj", "{1DF77C64-4C63-464F-9563-E549DA5EAF72}"
EndProject
Global
	GlobalSection(SolutionConfigurationPlatforms) = preSolution
		Debug|Any CPU = Debug|Any CPU
		Release|Any CPU = Release|Any CPU
	EndGlobalSection
	GlobalSection(ProjectConfigurationPlatforms) = postSolution
		{1DF77C64-4C63-464F-9563-E549DA5EAF72}.Debug|Any CPU.ActiveCfg = Debug|Any CPU
		{1DF77C64-4C63-464F-9563-E549DA5EAF72}.Debug|Any CPU.Build.0 = Debug|Any CPU
		{1DF77C64-4C63-464F-9563-E549DA5EAF72}.Release|Any CPU.ActiveCfg = Release|Any CPU
		{1DF77C64-4C63-464F-9563-E549DA5EAF72}.Release|Any CPU.Build.0 = Release|Any CPU
	EndGlobalSection
	GlobalSection(SolutionProperties) = preSolution
		HideSolutionNode = FALSE
	EndGlobalSection
	GlobalSection(ExtensibilityGlobals) = postSolution
		SolutionGuid = {EA7EF73A-3598-4FD0-8189-8CCB1934DC78}
	EndGlobalSection
EndGlobal
